
Microsoft Visual Studio Solution File, Format Version 12.00
# Visual Studio Version 17
VisualStudioVersion = 17.9.34728.123
MinimumVisualStudioVersion = 10.0.40219.1
Project("{9A19103F-16F7-4668-BE54-9A1E7A4F7556}") = "FastEndpointsDemo", "FastEndpointsDemo.csproj", "{4BF39D7C-8444-42CF-B760-458EA5C30131}"
EndProject
Global
	GlobalSection(SolutionConfigurationPlatforms) = preSolution
		Debug|Any CPU = Debug|Any CPU
		Release|Any CPU = Release|Any CPU
	EndGlobalSection
	GlobalSection(ProjectConfigurationPlatforms) = postSolution
		{4BF39D7C-8444-42CF-B760-458EA5C30131}.Debug|Any CPU.ActiveCfg = Debug|Any CPU
		{4BF39D7C-8444-42CF-B760-458EA5C30131}.Debug|Any CPU.Build.0 = Debug|Any CPU
		{4BF39D7C-8444-42CF-B760-458EA5C30131}.Release|Any CPU.ActiveCfg = Release|Any CPU
		{4BF39D7C-8444-42CF-B760-458EA5C30131}.Release|Any CPU.Build.0 = Release|Any CPU
	EndGlobalSection
	GlobalSection(SolutionProperties) = preSolution
		HideSolutionNode = FALSE
	EndGlobalSection
	GlobalSection(ExtensibilityGlobals) = postSolution
		SolutionGuid = {3A3807AF-2CD5-45C5-99A9-2F59946CB6E5}
	EndGlobalSection
EndGlobal
